{
  "version": 4,
  "terraform_version": "1.5.5",
  "serial": 68,
  "lineage": "e0d5c822-1a70-07a4-b06f-fb61398b7a98",
  "outputs": {
    "backend_srv_availability_zone": {
      "value": "ap-south-1b",
      "type": "string"
    },
    "bastion_private_ip": {
      "value": "172.16.47.180",
      "type": "string"
    },
    "bastion_public_ip": {
      "value": "3.111.8.108",
      "type": "string"
    },
    "bastion_srv_availability_zone": {
      "value": "ap-south-1b",
      "type": "string"
    },
    "bastion_srv_domain_Name": {
      "value": "bastion.avincm.live",
      "type": "string"
    },
    "frontend_private_ip": {
      "value": "172.16.25.7",
      "type": "string"
    },
    "frontend_public_ip": {
      "value": "43.205.149.10",
      "type": "string"
    },
    "frontend_srv_availability_zone": {
      "value": "ap-south-1a",
      "type": "string"
    },
    "frontend_srv_domain_Name": {
      "value": "www.avincm.live",
      "type": "string"
    },
    "nat_gateway_public_ip": {
      "value": "13.235.175.101",
      "type": "string"
    }
  },
  "resources": [
    {
      "mode": "data",
      "type": "aws_availability_zones",
      "name": "zones",
      "provider": "provider[\"registry.terraform.io/hashicorp/aws\"]",
      "instances": [
        {
          "schema_version": 0,
          "attributes": {
            "all_availability_zones": null,
            "exclude_names": null,
            "exclude_zone_ids": null,
            "filter": null,
            "group_names": [
              "ap-south-1"
            ],
            "id": "ap-south-1",
            "names": [
              "ap-south-1a",
              "ap-south-1b",
              "ap-south-1c"
            ],
            "state": "available",
            "timeouts": null,
            "zone_ids": [
              "aps1-az1",
              "aps1-az3",
              "aps1-az2"
            ]
          },
          "sensitive_attributes": []
        }
      ]
    },
    {
      "mode": "managed",
      "type": "aws_eip",
      "name": "bastion_eip",
      "provider": "provider[\"registry.terraform.io/hashicorp/aws\"]",
      "instances": [
        {
          "schema_version": 0,
          "attributes": {
            "address": null,
            "allocation_id": "eipalloc-0f2a7355b1e94bacc",
            "associate_with_private_ip": null,
            "association_id": "eipassoc-0e2e240aa498cc348",
            "carrier_ip": "",
            "customer_owned_ip": "",
            "customer_owned_ipv4_pool": "",
            "domain": "vpc",
            "id": "eipalloc-0f2a7355b1e94bacc",
            "instance": "i-098623f5a95faa861",
            "network_border_group": "ap-south-1",
            "network_interface": "eni-0a38becf98eef47a9",
            "private_dns": "ip-172-16-47-180.ap-south-1.compute.internal",
            "private_ip": "172.16.47.180",
            "public_dns": "ec2-3-111-8-108.ap-south-1.compute.amazonaws.com",
            "public_ip": "3.111.8.108",
            "public_ipv4_pool": "amazon",
            "tags": {
              "Name": "avincm_test_bastion_eip"
            },
            "tags_all": {
              "Environment": "test",
              "Name": "avincm_test_bastion_eip",
              "Owner": "aravind",
              "Project": "avincm"
            },
            "timeouts": null,
            "vpc": true
          },
          "sensitive_attributes": [],
          "private": "eyJlMmJmYjczMC1lY2FhLTExZTYtOGY4OC0zNDM2M2JjN2M0YzAiOnsiZGVsZXRlIjoxODAwMDAwMDAwMDAsInJlYWQiOjkwMDAwMDAwMDAwMCwidXBkYXRlIjozMDAwMDAwMDAwMDB9fQ==",
          "create_before_destroy": true
        }
      ]
    },
    {
      "mode": "managed",
      "type": "aws_eip",
      "name": "frontend_eip",
      "provider": "provider[\"registry.terraform.io/hashicorp/aws\"]",
      "instances": [
        {
          "schema_version": 0,
          "attributes": {
            "address": null,
            "allocation_id": "eipalloc-0d1817852e157013a",
            "associate_with_private_ip": null,
            "association_id": "eipassoc-08259bf082684c7a2",
            "carrier_ip": "",
            "customer_owned_ip": "",
            "customer_owned_ipv4_pool": "",
            "domain": "vpc",
            "id": "eipalloc-0d1817852e157013a",
            "instance": "i-0325318d5725ca651",
            "network_border_group": "ap-south-1",
            "network_interface": "eni-0e767e52023af7169",
            "private_dns": "ip-172-16-25-7.ap-south-1.compute.internal",
            "private_ip": "172.16.25.7",
            "public_dns": "ec2-43-205-149-10.ap-south-1.compute.amazonaws.com",
            "public_ip": "43.205.149.10",
            "public_ipv4_pool": "amazon",
            "tags": {
              "Name": "avincm_test_frontend_eip"
            },
            "tags_all": {
              "Environment": "test",
              "Name": "avincm_test_frontend_eip",
              "Owner": "aravind",
              "Project": "avincm"
            },
            "timeouts": null,
            "vpc": true
          },
          "sensitive_attributes": [],
          "private": "eyJlMmJmYjczMC1lY2FhLTExZTYtOGY4OC0zNDM2M2JjN2M0YzAiOnsiZGVsZXRlIjoxODAwMDAwMDAwMDAsInJlYWQiOjkwMDAwMDAwMDAwMCwidXBkYXRlIjozMDAwMDAwMDAwMDB9fQ==",
          "create_before_destroy": true
        }
      ]
    },
    {
      "mode": "managed",
      "type": "aws_eip",
      "name": "natgw-eip",
      "provider": "provider[\"registry.terraform.io/hashicorp/aws\"]",
      "instances": [
        {
          "schema_version": 0,
          "attributes": {
            "address": null,
            "allocation_id": "eipalloc-05ba5c24fef103908",
            "associate_with_private_ip": null,
            "association_id": "eipassoc-043bc27b6417c5b30",
            "carrier_ip": "",
            "customer_owned_ip": "",
            "customer_owned_ipv4_pool": "",
            "domain": "vpc",
            "id": "eipalloc-05ba5c24fef103908",
            "instance": "",
            "network_border_group": "ap-south-1",
            "network_interface": "eni-08e152ee259657804",
            "private_dns": "ip-172-16-33-57.ap-south-1.compute.internal",
            "private_ip": "172.16.33.57",
            "public_dns": "ec2-13-235-175-101.ap-south-1.compute.amazonaws.com",
            "public_ip": "13.235.175.101",
            "public_ipv4_pool": "amazon",
            "tags": {
              "Name": "avincm_test_natgw-eip"
            },
            "tags_all": {
              "Environment": "test",
              "Name": "avincm_test_natgw-eip",
              "Owner": "aravind",
              "Project": "avincm"
            },
            "timeouts": null,
            "vpc": true
          },
          "sensitive_attributes": [],
          "private": "eyJlMmJmYjczMC1lY2FhLTExZTYtOGY4OC0zNDM2M2JjN2M0YzAiOnsiZGVsZXRlIjoxODAwMDAwMDAwMDAsInJlYWQiOjkwMDAwMDAwMDAwMCwidXBkYXRlIjozMDAwMDAwMDAwMDB9fQ=="
        }
      ]
    },
    {
      "mode": "managed",
      "type": "aws_eip_association",
      "name": "eip_assoc_bastion",
      "provider": "provider[\"registry.terraform.io/hashicorp/aws\"]",
      "instances": [
        {
          "schema_version": 0,
          "attributes": {
            "allocation_id": "eipalloc-0f2a7355b1e94bacc",
            "allow_reassociation": null,
            "id": "eipassoc-0e2e240aa498cc348",
            "instance_id": "i-098623f5a95faa861",
            "network_interface_id": "eni-0a38becf98eef47a9",
            "private_ip_address": "172.16.47.180",
            "public_ip": "3.111.8.108"
          },
          "sensitive_attributes": [],
          "private": "bnVsbA==",
          "dependencies": [
            "aws_eip.bastion_eip",
            "aws_instance.bastion",
            "aws_key_pair.sshkey",
            "aws_security_group.bastion_sg",
            "aws_subnet.public_sub",
            "aws_vpc.main_vpc",
            "data.aws_availability_zones.zones"
          ]
        }
      ]
    },
    {
      "mode": "managed",
      "type": "aws_eip_association",
      "name": "eip_assoc_frontend",
      "provider": "provider[\"registry.terraform.io/hashicorp/aws\"]",
      "instances": [
        {
          "schema_version": 0,
          "attributes": {
            "allocation_id": "eipalloc-0d1817852e157013a",
            "allow_reassociation": null,
            "id": "eipassoc-08259bf082684c7a2",
            "instance_id": "i-0325318d5725ca651",
            "network_interface_id": "eni-0e767e52023af7169",
            "private_ip_address": "172.16.25.7",
            "public_ip": "43.205.149.10"
          },
          "sensitive_attributes": [],
          "private": "bnVsbA==",
          "dependencies": [
            "aws_eip.frontend_eip",
            "aws_instance.frontend",
            "aws_key_pair.sshkey",
            "aws_security_group.bastion_sg",
            "aws_security_group.frontend_sg",
            "aws_subnet.public_sub",
            "aws_vpc.main_vpc",
            "data.aws_availability_zones.zones"
          ]
        }
      ]
    },
    {
      "mode": "managed",
      "type": "aws_instance",
      "name": "backend",
      "provider": "provider[\"registry.terraform.io/hashicorp/aws\"]",
      "instances": [
        {
          "schema_version": 1,
          "attributes": {
            "ami": "ami-06f621d90fa29f6d0",
            "arn": "arn:aws:ec2:ap-south-1:985010860775:instance/i-07bce0a2dadd0e34e",
            "associate_public_ip_address": false,
            "availability_zone": "ap-south-1b",
            "capacity_reservation_specification": [
              {
                "capacity_reservation_preference": "open",
                "capacity_reservation_target": []
              }
            ],
            "cpu_core_count": 1,
            "cpu_options": [
              {
                "amd_sev_snp": "",
                "core_count": 1,
                "threads_per_core": 1
              }
            ],
            "cpu_threads_per_core": 1,
            "credit_specification": [
              {
                "cpu_credits": "standard"
              }
            ],
            "disable_api_stop": false,
            "disable_api_termination": false,
            "ebs_block_device": [],
            "ebs_optimized": false,
            "enclave_options": [
              {
                "enabled": false
              }
            ],
            "ephemeral_block_device": [],
            "get_password_data": false,
            "hibernation": false,
            "host_id": "",
            "host_resource_group_arn": null,
            "iam_instance_profile": "",
            "id": "i-07bce0a2dadd0e34e",
            "instance_initiated_shutdown_behavior": "stop",
            "instance_lifecycle": "",
            "instance_market_options": [],
            "instance_state": "running",
            "instance_type": "t2.micro",
            "ipv6_address_count": 0,
            "ipv6_addresses": [],
            "key_name": "avincm_mykey",
            "launch_template": [],
            "maintenance_options": [
              {
                "auto_recovery": "default"
              }
            ],
            "metadata_options": [
              {
                "http_endpoint": "enabled",
                "http_protocol_ipv6": "disabled",
                "http_put_response_hop_limit": 2,
                "http_tokens": "required",
                "instance_metadata_tags": "disabled"
              }
            ],
            "monitoring": false,
            "network_interface": [],
            "outpost_arn": "",
            "password_data": "",
            "placement_group": "",
            "placement_partition_number": 0,
            "primary_network_interface_id": "eni-0f2163b435827cdcf",
            "private_dns": "ip-172-16-148-154.ap-south-1.compute.internal",
            "private_dns_name_options": [
              {
                "enable_resource_name_dns_a_record": false,
                "enable_resource_name_dns_aaaa_record": false,
                "hostname_type": "ip-name"
              }
            ],
            "private_ip": "172.16.148.154",
            "public_dns": "",
            "public_ip": "",
            "root_block_device": [
              {
                "delete_on_termination": true,
                "device_name": "/dev/xvda",
                "encrypted": false,
                "iops": 3000,
                "kms_key_id": "",
                "tags": {},
                "throughput": 125,
                "volume_id": "vol-0b9e4d9390f8186d3",
                "volume_size": 8,
                "volume_type": "gp3"
              }
            ],
            "secondary_private_ips": [],
            "security_groups": [],
            "source_dest_check": true,
            "spot_instance_request_id": "",
            "subnet_id": "subnet-0a12b56c474d6f17e",
            "tags": {
              "Name": "avincm_test_backend_srv"
            },
            "tags_all": {
              "Environment": "test",
              "Name": "avincm_test_backend_srv",
              "Owner": "aravind",
              "Project": "avincm"
            },
            "tenancy": "default",
            "timeouts": null,
            "user_data": null,
            "user_data_base64": null,
            "user_data_replace_on_change": false,
            "volume_tags": null,
            "vpc_security_group_ids": [
              "sg-0558070746ed08cce"
            ]
          },
          "sensitive_attributes": [],
          "private": "eyJlMmJmYjczMC1lY2FhLTExZTYtOGY4OC0zNDM2M2JjN2M0YzAiOnsiY3JlYXRlIjo2MDAwMDAwMDAwMDAsImRlbGV0ZSI6MTIwMDAwMDAwMDAwMCwidXBkYXRlIjo2MDAwMDAwMDAwMDB9LCJzY2hlbWFfdmVyc2lvbiI6IjEifQ==",
          "dependencies": [
            "aws_key_pair.sshkey",
            "aws_security_group.backend_sg",
            "aws_security_group.bastion_sg",
            "aws_security_group.frontend_sg",
            "aws_subnet.private_sub",
            "aws_vpc.main_vpc",
            "data.aws_availability_zones.zones"
          ],
          "create_before_destroy": true
        }
      ]
    },
    {
      "mode": "managed",
      "type": "aws_instance",
      "name": "bastion",
      "provider": "provider[\"registry.terraform.io/hashicorp/aws\"]",
      "instances": [
        {
          "schema_version": 1,
          "attributes": {
            "ami": "ami-06f621d90fa29f6d0",
            "arn": "arn:aws:ec2:ap-south-1:985010860775:instance/i-098623f5a95faa861",
            "associate_public_ip_address": true,
            "availability_zone": "ap-south-1b",
            "capacity_reservation_specification": [
              {
                "capacity_reservation_preference": "open",
                "capacity_reservation_target": []
              }
            ],
            "cpu_core_count": 1,
            "cpu_options": [
              {
                "amd_sev_snp": "",
                "core_count": 1,
                "threads_per_core": 1
              }
            ],
            "cpu_threads_per_core": 1,
            "credit_specification": [
              {
                "cpu_credits": "standard"
              }
            ],
            "disable_api_stop": false,
            "disable_api_termination": false,
            "ebs_block_device": [],
            "ebs_optimized": false,
            "enclave_options": [
              {
                "enabled": false
              }
            ],
            "ephemeral_block_device": [],
            "get_password_data": false,
            "hibernation": false,
            "host_id": "",
            "host_resource_group_arn": null,
            "iam_instance_profile": "",
            "id": "i-098623f5a95faa861",
            "instance_initiated_shutdown_behavior": "stop",
            "instance_lifecycle": "",
            "instance_market_options": [],
            "instance_state": "running",
            "instance_type": "t2.micro",
            "ipv6_address_count": 0,
            "ipv6_addresses": [],
            "key_name": "avincm_mykey",
            "launch_template": [],
            "maintenance_options": [
              {
                "auto_recovery": "default"
              }
            ],
            "metadata_options": [
              {
                "http_endpoint": "enabled",
                "http_protocol_ipv6": "disabled",
                "http_put_response_hop_limit": 2,
                "http_tokens": "required",
                "instance_metadata_tags": "disabled"
              }
            ],
            "monitoring": false,
            "network_interface": [],
            "outpost_arn": "",
            "password_data": "",
            "placement_group": "",
            "placement_partition_number": 0,
            "primary_network_interface_id": "eni-0a38becf98eef47a9",
            "private_dns": "ip-172-16-47-180.ap-south-1.compute.internal",
            "private_dns_name_options": [
              {
                "enable_resource_name_dns_a_record": false,
                "enable_resource_name_dns_aaaa_record": false,
                "hostname_type": "ip-name"
              }
            ],
            "private_ip": "172.16.47.180",
            "public_dns": "ec2-3-111-8-108.ap-south-1.compute.amazonaws.com",
            "public_ip": "3.111.8.108",
            "root_block_device": [
              {
                "delete_on_termination": true,
                "device_name": "/dev/xvda",
                "encrypted": false,
                "iops": 3000,
                "kms_key_id": "",
                "tags": {},
                "throughput": 125,
                "volume_id": "vol-01fa78eb0411cd132",
                "volume_size": 8,
                "volume_type": "gp3"
              }
            ],
            "secondary_private_ips": [],
            "security_groups": [],
            "source_dest_check": true,
            "spot_instance_request_id": "",
            "subnet_id": "subnet-01b58bc676c5e2fbc",
            "tags": {
              "Name": "avincm_test_bastion_srv"
            },
            "tags_all": {
              "Environment": "test",
              "Name": "avincm_test_bastion_srv",
              "Owner": "aravind",
              "Project": "avincm"
            },
            "tenancy": "default",
            "timeouts": null,
            "user_data": "3873348f8278a3a189125e0236b6566f86b7c723",
            "user_data_base64": null,
            "user_data_replace_on_change": false,
            "volume_tags": null,
            "vpc_security_group_ids": [
              "sg-0ffabddfc11ae44df"
            ]
          },
          "sensitive_attributes": [],
          "private": "eyJlMmJmYjczMC1lY2FhLTExZTYtOGY4OC0zNDM2M2JjN2M0YzAiOnsiY3JlYXRlIjo2MDAwMDAwMDAwMDAsImRlbGV0ZSI6MTIwMDAwMDAwMDAwMCwidXBkYXRlIjo2MDAwMDAwMDAwMDB9LCJzY2hlbWFfdmVyc2lvbiI6IjEifQ==",
          "dependencies": [
            "aws_eip.bastion_eip",
            "aws_key_pair.sshkey",
            "aws_security_group.bastion_sg",
            "aws_subnet.public_sub",
            "aws_vpc.main_vpc",
            "data.aws_availability_zones.zones"
          ],
          "create_before_destroy": true
        }
      ]
    },
    {
      "mode": "managed",
      "type": "aws_instance",
      "name": "frontend",
      "provider": "provider[\"registry.terraform.io/hashicorp/aws\"]",
      "instances": [
        {
          "schema_version": 1,
          "attributes": {
            "ami": "ami-06f621d90fa29f6d0",
            "arn": "arn:aws:ec2:ap-south-1:985010860775:instance/i-0325318d5725ca651",
            "associate_public_ip_address": true,
            "availability_zone": "ap-south-1a",
            "capacity_reservation_specification": [
              {
                "capacity_reservation_preference": "open",
                "capacity_reservation_target": []
              }
            ],
            "cpu_core_count": 1,
            "cpu_options": [
              {
                "amd_sev_snp": "",
                "core_count": 1,
                "threads_per_core": 1
              }
            ],
            "cpu_threads_per_core": 1,
            "credit_specification": [
              {
                "cpu_credits": "standard"
              }
            ],
            "disable_api_stop": false,
            "disable_api_termination": false,
            "ebs_block_device": [],
            "ebs_optimized": false,
            "enclave_options": [
              {
                "enabled": false
              }
            ],
            "ephemeral_block_device": [],
            "get_password_data": false,
            "hibernation": false,
            "host_id": "",
            "host_resource_group_arn": null,
            "iam_instance_profile": "",
            "id": "i-0325318d5725ca651",
            "instance_initiated_shutdown_behavior": "stop",
            "instance_lifecycle": "",
            "instance_market_options": [],
            "instance_state": "running",
            "instance_type": "t2.micro",
            "ipv6_address_count": 0,
            "ipv6_addresses": [],
            "key_name": "avincm_mykey",
            "launch_template": [],
            "maintenance_options": [
              {
                "auto_recovery": "default"
              }
            ],
            "metadata_options": [
              {
                "http_endpoint": "enabled",
                "http_protocol_ipv6": "disabled",
                "http_put_response_hop_limit": 2,
                "http_tokens": "required",
                "instance_metadata_tags": "disabled"
              }
            ],
            "monitoring": false,
            "network_interface": [],
            "outpost_arn": "",
            "password_data": "",
            "placement_group": "",
            "placement_partition_number": 0,
            "primary_network_interface_id": "eni-0e767e52023af7169",
            "private_dns": "ip-172-16-25-7.ap-south-1.compute.internal",
            "private_dns_name_options": [
              {
                "enable_resource_name_dns_a_record": false,
                "enable_resource_name_dns_aaaa_record": false,
                "hostname_type": "ip-name"
              }
            ],
            "private_ip": "172.16.25.7",
            "public_dns": "ec2-43-205-149-10.ap-south-1.compute.amazonaws.com",
            "public_ip": "43.205.149.10",
            "root_block_device": [
              {
                "delete_on_termination": true,
                "device_name": "/dev/xvda",
                "encrypted": false,
                "iops": 3000,
                "kms_key_id": "",
                "tags": {},
                "throughput": 125,
                "volume_id": "vol-0c78e8c28528b025f",
                "volume_size": 8,
                "volume_type": "gp3"
              }
            ],
            "secondary_private_ips": [],
            "security_groups": [],
            "source_dest_check": true,
            "spot_instance_request_id": "",
            "subnet_id": "subnet-003ea998887a75028",
            "tags": {
              "Name": "avincm_test_frontend_srv"
            },
            "tags_all": {
              "Environment": "test",
              "Name": "avincm_test_frontend_srv",
              "Owner": "aravind",
              "Project": "avincm"
            },
            "tenancy": "default",
            "timeouts": null,
            "user_data": "3967b923cdb62139cb1e4c56fdcc47ec48f0e9fa",
            "user_data_base64": null,
            "user_data_replace_on_change": false,
            "volume_tags": null,
            "vpc_security_group_ids": [
              "sg-03a4457f9766bdba8"
            ]
          },
          "sensitive_attributes": [],
          "private": "eyJlMmJmYjczMC1lY2FhLTExZTYtOGY4OC0zNDM2M2JjN2M0YzAiOnsiY3JlYXRlIjo2MDAwMDAwMDAwMDAsImRlbGV0ZSI6MTIwMDAwMDAwMDAwMCwidXBkYXRlIjo2MDAwMDAwMDAwMDB9LCJzY2hlbWFfdmVyc2lvbiI6IjEifQ==",
          "dependencies": [
            "aws_eip.frontend_eip",
            "aws_key_pair.sshkey",
            "aws_security_group.bastion_sg",
            "aws_security_group.frontend_sg",
            "aws_subnet.public_sub",
            "aws_vpc.main_vpc",
            "data.aws_availability_zones.zones"
          ],
          "create_before_destroy": true
        }
      ]
    },
    {
      "mode": "managed",
      "type": "aws_internet_gateway",
      "name": "igw",
      "provider": "provider[\"registry.terraform.io/hashicorp/aws\"]",
      "instances": [
        {
          "schema_version": 0,
          "attributes": {
            "arn": "arn:aws:ec2:ap-south-1:985010860775:internet-gateway/igw-0a0dad2b5b99aea71",
            "id": "igw-0a0dad2b5b99aea71",
            "owner_id": "985010860775",
            "tags": {
              "Name": "avincm_test_igw"
            },
            "tags_all": {
              "Environment": "test",
              "Name": "avincm_test_igw",
              "Owner": "aravind",
              "Project": "avincm"
            },
            "timeouts": null,
            "vpc_id": "vpc-01838b5abeb0bf140"
          },
          "sensitive_attributes": [],
          "private": "eyJlMmJmYjczMC1lY2FhLTExZTYtOGY4OC0zNDM2M2JjN2M0YzAiOnsiY3JlYXRlIjoxMjAwMDAwMDAwMDAwLCJkZWxldGUiOjEyMDAwMDAwMDAwMDAsInVwZGF0ZSI6MTIwMDAwMDAwMDAwMH19",
          "dependencies": [
            "aws_vpc.main_vpc"
          ]
        }
      ]
    },
    {
      "mode": "managed",
      "type": "aws_key_pair",
      "name": "sshkey",
      "provider": "provider[\"registry.terraform.io/hashicorp/aws\"]",
      "instances": [
        {
          "schema_version": 1,
          "attributes": {
            "arn": "arn:aws:ec2:ap-south-1:985010860775:key-pair/avincm_mykey",
            "fingerprint": "85:44:d9:fe:5a:9d:06:ed:ef:7c:67:d8:1f:f4:62:5f",
            "id": "avincm_mykey",
            "key_name": "avincm_mykey",
            "key_name_prefix": "",
            "key_pair_id": "key-096d25d2e8906d1be",
            "key_type": "rsa",
            "public_key": "ssh-rsa AAAAB3NzaC1yc2EAAAADAQABAAABgQDQG5TZLaMwRXbwY8I/9GQVSTQC6KQjStK7tI12xrjUDtMfET6diuAF8xlC6aLntg4D4b5tExdprpY+jdKlcjUR3ihu6/NiyvGHS3pPoOE10t/dI3hP/45ys85HXpwmlP9NeqR6At54dMhUUUcvMgukco3gsW2OK9tV9c8/bZnAHB9z6KV6vf/b4Eo12hNJuIqyZ85qUn8Z8flWdYifEbrdb+8A3GzKNgRf7L0egCaxAXWdk2zYv/cCJndo1D8CgDwsHup/A0040m3SMJyb4WuJ3m5A7jVhF1krVVoFSvZ2DK18cxI+PVnKLDuVsicNBnmXfjDQNigMe8PlMhQVCfxVMwT/k/tEfBDTGo8o+yHrDgjzQPbz2YyCx6HOacadM5JdtoL/HZsYlKM2ppHNY8qxKKyFsp0EoFntP0WQwrZuv1akJT4HshqQ+Q6QpzDERc0yCow405kdv97wMfT6KMgG+dv8w6LUAxDu/BbUfK2MhTQ9gOJ96i3ryBLY/VGvtWE= admin@DESKTOP-U6S5Q6A",
            "tags": {
              "Name": "avincm_mykey"
            },
            "tags_all": {
              "Environment": "test",
              "Name": "avincm_mykey",
              "Owner": "aravind",
              "Project": "avincm"
            }
          },
          "sensitive_attributes": [],
          "private": "eyJzY2hlbWFfdmVyc2lvbiI6IjEifQ==",
          "create_before_destroy": true
        }
      ]
    },
    {
      "mode": "managed",
      "type": "aws_nat_gateway",
      "name": "nat_igw",
      "provider": "provider[\"registry.terraform.io/hashicorp/aws\"]",
      "instances": [
        {
          "schema_version": 0,
          "attributes": {
            "allocation_id": "eipalloc-05ba5c24fef103908",
            "association_id": "eipassoc-043bc27b6417c5b30",
            "connectivity_type": "public",
            "id": "nat-0526a8a426a2c573c",
            "network_interface_id": "eni-08e152ee259657804",
            "private_ip": "172.16.33.57",
            "public_ip": "13.235.175.101",
            "secondary_allocation_ids": [],
            "secondary_private_ip_address_count": 0,
            "secondary_private_ip_addresses": [],
            "subnet_id": "subnet-01b58bc676c5e2fbc",
            "tags": {
              "Name": "avincm_test_natgw"
            },
            "tags_all": {
              "Environment": "test",
              "Name": "avincm_test_natgw",
              "Owner": "aravind",
              "Project": "avincm"
            },
            "timeouts": null
          },
          "sensitive_attributes": [],
          "private": "eyJlMmJmYjczMC1lY2FhLTExZTYtOGY4OC0zNDM2M2JjN2M0YzAiOnsiY3JlYXRlIjo2MDAwMDAwMDAwMDAsImRlbGV0ZSI6MTgwMDAwMDAwMDAwMCwidXBkYXRlIjo2MDAwMDAwMDAwMDB9fQ==",
          "dependencies": [
            "aws_eip.natgw-eip",
            "aws_internet_gateway.igw",
            "aws_subnet.public_sub",
            "aws_vpc.main_vpc",
            "data.aws_availability_zones.zones"
          ]
        }
      ]
    },
    {
      "mode": "managed",
      "type": "aws_route53_record",
      "name": "backend_record",
      "provider": "provider[\"registry.terraform.io/hashicorp/aws\"]",
      "instances": [
        {
          "schema_version": 2,
          "attributes": {
            "alias": [],
            "allow_overwrite": null,
            "cidr_routing_policy": [],
            "failover_routing_policy": [],
            "fqdn": "backend.avincm.loc",
            "geolocation_routing_policy": [],
            "health_check_id": "",
            "id": "Z03672691P2SFJPIBYB6U_backend.avincm.loc_A",
            "latency_routing_policy": [],
            "multivalue_answer_routing_policy": false,
            "name": "backend.avincm.loc",
            "records": [
              "172.16.148.154"
            ],
            "set_identifier": "",
            "ttl": 5,
            "type": "A",
            "weighted_routing_policy": [],
            "zone_id": "Z03672691P2SFJPIBYB6U"
          },
          "sensitive_attributes": [],
          "private": "eyJzY2hlbWFfdmVyc2lvbiI6IjIifQ==",
          "dependencies": [
            "aws_instance.backend",
            "aws_key_pair.sshkey",
            "aws_route53_zone.avincm_private_domain",
            "aws_security_group.backend_sg",
            "aws_security_group.bastion_sg",
            "aws_security_group.frontend_sg",
            "aws_subnet.private_sub",
            "aws_vpc.main_vpc",
            "data.aws_availability_zones.zones"
          ]
        }
      ]
    },
    {
      "mode": "managed",
      "type": "aws_route53_record",
      "name": "bastion_public_record",
      "provider": "provider[\"registry.terraform.io/hashicorp/aws\"]",
      "instances": [
        {
          "schema_version": 2,
          "attributes": {
            "alias": [],
            "allow_overwrite": null,
            "cidr_routing_policy": [],
            "failover_routing_policy": [],
            "fqdn": "bastion.avincm.live",
            "geolocation_routing_policy": [],
            "health_check_id": "",
            "id": "Z094318420EHDKUF17GCQ_bastion.avincm.live_A",
            "latency_routing_policy": [],
            "multivalue_answer_routing_policy": false,
            "name": "bastion.avincm.live",
            "records": [
              "3.111.8.108"
            ],
            "set_identifier": "",
            "ttl": 5,
            "type": "A",
            "weighted_routing_policy": [],
            "zone_id": "Z094318420EHDKUF17GCQ"
          },
          "sensitive_attributes": [],
          "private": "eyJzY2hlbWFfdmVyc2lvbiI6IjIifQ==",
          "dependencies": [
            "aws_eip.bastion_eip"
          ]
        }
      ]
    },
    {
      "mode": "managed",
      "type": "aws_route53_record",
      "name": "bastion_record",
      "provider": "provider[\"registry.terraform.io/hashicorp/aws\"]",
      "instances": [
        {
          "schema_version": 2,
          "attributes": {
            "alias": [],
            "allow_overwrite": null,
            "cidr_routing_policy": [],
            "failover_routing_policy": [],
            "fqdn": "bastion.avincm.loc",
            "geolocation_routing_policy": [],
            "health_check_id": "",
            "id": "Z03672691P2SFJPIBYB6U_bastion.avincm.loc_A",
            "latency_routing_policy": [],
            "multivalue_answer_routing_policy": false,
            "name": "bastion.avincm.loc",
            "records": [
              "172.16.47.180"
            ],
            "set_identifier": "",
            "ttl": 5,
            "type": "A",
            "weighted_routing_policy": [],
            "zone_id": "Z03672691P2SFJPIBYB6U"
          },
          "sensitive_attributes": [],
          "private": "eyJzY2hlbWFfdmVyc2lvbiI6IjIifQ==",
          "dependencies": [
            "aws_eip.bastion_eip",
            "aws_instance.bastion",
            "aws_key_pair.sshkey",
            "aws_route53_zone.avincm_private_domain",
            "aws_security_group.bastion_sg",
            "aws_subnet.public_sub",
            "aws_vpc.main_vpc",
            "data.aws_availability_zones.zones"
          ]
        }
      ]
    },
    {
      "mode": "managed",
      "type": "aws_route53_record",
      "name": "frontend_public_record",
      "provider": "provider[\"registry.terraform.io/hashicorp/aws\"]",
      "instances": [
        {
          "schema_version": 2,
          "attributes": {
            "alias": [],
            "allow_overwrite": null,
            "cidr_routing_policy": [],
            "failover_routing_policy": [],
            "fqdn": "www.avincm.live",
            "geolocation_routing_policy": [],
            "health_check_id": "",
            "id": "Z094318420EHDKUF17GCQ_www.avincm.live_A",
            "latency_routing_policy": [],
            "multivalue_answer_routing_policy": false,
            "name": "www.avincm.live",
            "records": [
              "43.205.149.10"
            ],
            "set_identifier": "",
            "ttl": 5,
            "type": "A",
            "weighted_routing_policy": [],
            "zone_id": "Z094318420EHDKUF17GCQ"
          },
          "sensitive_attributes": [],
          "private": "eyJzY2hlbWFfdmVyc2lvbiI6IjIifQ==",
          "dependencies": [
            "aws_eip.frontend_eip"
          ]
        }
      ]
    },
    {
      "mode": "managed",
      "type": "aws_route53_record",
      "name": "frontend_record",
      "provider": "provider[\"registry.terraform.io/hashicorp/aws\"]",
      "instances": [
        {
          "schema_version": 2,
          "attributes": {
            "alias": [],
            "allow_overwrite": null,
            "cidr_routing_policy": [],
            "failover_routing_policy": [],
            "fqdn": "frontend.avincm.loc",
            "geolocation_routing_policy": [],
            "health_check_id": "",
            "id": "Z03672691P2SFJPIBYB6U_frontend.avincm.loc_A",
            "latency_routing_policy": [],
            "multivalue_answer_routing_policy": false,
            "name": "frontend.avincm.loc",
            "records": [
              "172.16.25.7"
            ],
            "set_identifier": "",
            "ttl": 5,
            "type": "A",
            "weighted_routing_policy": [],
            "zone_id": "Z03672691P2SFJPIBYB6U"
          },
          "sensitive_attributes": [],
          "private": "eyJzY2hlbWFfdmVyc2lvbiI6IjIifQ==",
          "dependencies": [
            "aws_eip.frontend_eip",
            "aws_instance.frontend",
            "aws_key_pair.sshkey",
            "aws_route53_zone.avincm_private_domain",
            "aws_security_group.bastion_sg",
            "aws_security_group.frontend_sg",
            "aws_subnet.public_sub",
            "aws_vpc.main_vpc",
            "data.aws_availability_zones.zones"
          ]
        }
      ]
    },
    {
      "mode": "managed",
      "type": "aws_route53_zone",
      "name": "avincm_private_domain",
      "provider": "provider[\"registry.terraform.io/hashicorp/aws\"]",
      "instances": [
        {
          "schema_version": 0,
          "attributes": {
            "arn": "arn:aws:route53:::hostedzone/Z03672691P2SFJPIBYB6U",
            "comment": "Managed by Terraform",
            "delegation_set_id": "",
            "force_destroy": false,
            "id": "Z03672691P2SFJPIBYB6U",
            "name": "avincm.loc",
            "name_servers": [
              "ns-0.awsdns-00.com.",
              "ns-1024.awsdns-00.org.",
              "ns-1536.awsdns-00.co.uk.",
              "ns-512.awsdns-00.net."
            ],
            "primary_name_server": "ns-0.awsdns-00.com.",
            "tags": {},
            "tags_all": {
              "Environment": "test",
              "Owner": "aravind",
              "Project": "avincm"
            },
            "vpc": [
              {
                "vpc_id": "vpc-01838b5abeb0bf140",
                "vpc_region": "ap-south-1"
              }
            ],
            "zone_id": "Z03672691P2SFJPIBYB6U"
          },
          "sensitive_attributes": [],
          "private": "bnVsbA==",
          "dependencies": [
            "aws_vpc.main_vpc"
          ]
        }
      ]
    },
    {
      "mode": "managed",
      "type": "aws_route_table",
      "name": "private_rt",
      "provider": "provider[\"registry.terraform.io/hashicorp/aws\"]",
      "instances": [
        {
          "schema_version": 0,
          "attributes": {
            "arn": "arn:aws:ec2:ap-south-1:985010860775:route-table/rtb-022e4c1272471514a",
            "id": "rtb-022e4c1272471514a",
            "owner_id": "985010860775",
            "propagating_vgws": [],
            "route": [
              {
                "carrier_gateway_id": "",
                "cidr_block": "0.0.0.0/0",
                "core_network_arn": "",
                "destination_prefix_list_id": "",
                "egress_only_gateway_id": "",
                "gateway_id": "",
                "ipv6_cidr_block": "",
                "local_gateway_id": "",
                "nat_gateway_id": "nat-0526a8a426a2c573c",
                "network_interface_id": "",
                "transit_gateway_id": "",
                "vpc_endpoint_id": "",
                "vpc_peering_connection_id": ""
              }
            ],
            "tags": {
              "Name": "avincm_test_private_rt"
            },
            "tags_all": {
              "Environment": "test",
              "Name": "avincm_test_private_rt",
              "Owner": "aravind",
              "Project": "avincm"
            },
            "timeouts": null,
            "vpc_id": "vpc-01838b5abeb0bf140"
          },
          "sensitive_attributes": [],
          "private": "eyJlMmJmYjczMC1lY2FhLTExZTYtOGY4OC0zNDM2M2JjN2M0YzAiOnsiY3JlYXRlIjozMDAwMDAwMDAwMDAsImRlbGV0ZSI6MzAwMDAwMDAwMDAwLCJ1cGRhdGUiOjEyMDAwMDAwMDAwMH19",
          "dependencies": [
            "aws_eip.natgw-eip",
            "aws_internet_gateway.igw",
            "aws_nat_gateway.nat_igw",
            "aws_subnet.public_sub",
            "aws_vpc.main_vpc",
            "data.aws_availability_zones.zones"
          ]
        }
      ]
    },
    {
      "mode": "managed",
      "type": "aws_route_table",
      "name": "public_rt",
      "provider": "provider[\"registry.terraform.io/hashicorp/aws\"]",
      "instances": [
        {
          "schema_version": 0,
          "attributes": {
            "arn": "arn:aws:ec2:ap-south-1:985010860775:route-table/rtb-016a1fc44f41039bf",
            "id": "rtb-016a1fc44f41039bf",
            "owner_id": "985010860775",
            "propagating_vgws": [],
            "route": [
              {
                "carrier_gateway_id": "",
                "cidr_block": "0.0.0.0/0",
                "core_network_arn": "",
                "destination_prefix_list_id": "",
                "egress_only_gateway_id": "",
                "gateway_id": "igw-0a0dad2b5b99aea71",
                "ipv6_cidr_block": "",
                "local_gateway_id": "",
                "nat_gateway_id": "",
                "network_interface_id": "",
                "transit_gateway_id": "",
                "vpc_endpoint_id": "",
                "vpc_peering_connection_id": ""
              }
            ],
            "tags": {
              "Name": "avincm_test_public_rt"
            },
            "tags_all": {
              "Environment": "test",
              "Name": "avincm_test_public_rt",
              "Owner": "aravind",
              "Project": "avincm"
            },
            "timeouts": null,
            "vpc_id": "vpc-01838b5abeb0bf140"
          },
          "sensitive_attributes": [],
          "private": "eyJlMmJmYjczMC1lY2FhLTExZTYtOGY4OC0zNDM2M2JjN2M0YzAiOnsiY3JlYXRlIjozMDAwMDAwMDAwMDAsImRlbGV0ZSI6MzAwMDAwMDAwMDAwLCJ1cGRhdGUiOjEyMDAwMDAwMDAwMH19",
          "dependencies": [
            "aws_internet_gateway.igw",
            "aws_vpc.main_vpc"
          ]
        }
      ]
    },
    {
      "mode": "managed",
      "type": "aws_route_table_association",
      "name": "private_rt_asso",
      "provider": "provider[\"registry.terraform.io/hashicorp/aws\"]",
      "instances": [
        {
          "index_key": 0,
          "schema_version": 0,
          "attributes": {
            "gateway_id": "",
            "id": "rtbassoc-08c26e4bf4f676fe9",
            "route_table_id": "rtb-022e4c1272471514a",
            "subnet_id": "subnet-0b3dce67628963223",
            "timeouts": null
          },
          "sensitive_attributes": [],
          "private": "eyJlMmJmYjczMC1lY2FhLTExZTYtOGY4OC0zNDM2M2JjN2M0YzAiOnsiY3JlYXRlIjozMDAwMDAwMDAwMDAsImRlbGV0ZSI6MzAwMDAwMDAwMDAwLCJ1cGRhdGUiOjEyMDAwMDAwMDAwMH19",
          "dependencies": [
            "aws_eip.natgw-eip",
            "aws_internet_gateway.igw",
            "aws_nat_gateway.nat_igw",
            "aws_route_table.private_rt",
            "aws_subnet.private_sub",
            "aws_subnet.public_sub",
            "aws_vpc.main_vpc",
            "data.aws_availability_zones.zones"
          ]
        },
        {
          "index_key": 1,
          "schema_version": 0,
          "attributes": {
            "gateway_id": "",
            "id": "rtbassoc-0df05edd8de6632c1",
            "route_table_id": "rtb-022e4c1272471514a",
            "subnet_id": "subnet-0a12b56c474d6f17e",
            "timeouts": null
          },
          "sensitive_attributes": [],
          "private": "eyJlMmJmYjczMC1lY2FhLTExZTYtOGY4OC0zNDM2M2JjN2M0YzAiOnsiY3JlYXRlIjozMDAwMDAwMDAwMDAsImRlbGV0ZSI6MzAwMDAwMDAwMDAwLCJ1cGRhdGUiOjEyMDAwMDAwMDAwMH19",
          "dependencies": [
            "aws_eip.natgw-eip",
            "aws_internet_gateway.igw",
            "aws_nat_gateway.nat_igw",
            "aws_route_table.private_rt",
            "aws_subnet.private_sub",
            "aws_subnet.public_sub",
            "aws_vpc.main_vpc",
            "data.aws_availability_zones.zones"
          ]
        },
        {
          "index_key": 2,
          "schema_version": 0,
          "attributes": {
            "gateway_id": "",
            "id": "rtbassoc-0dddff7783972d46e",
            "route_table_id": "rtb-022e4c1272471514a",
            "subnet_id": "subnet-0ca3eec7fc1887872",
            "timeouts": null
          },
          "sensitive_attributes": [],
          "private": "eyJlMmJmYjczMC1lY2FhLTExZTYtOGY4OC0zNDM2M2JjN2M0YzAiOnsiY3JlYXRlIjozMDAwMDAwMDAwMDAsImRlbGV0ZSI6MzAwMDAwMDAwMDAwLCJ1cGRhdGUiOjEyMDAwMDAwMDAwMH19",
          "dependencies": [
            "aws_eip.natgw-eip",
            "aws_internet_gateway.igw",
            "aws_nat_gateway.nat_igw",
            "aws_route_table.private_rt",
            "aws_subnet.private_sub",
            "aws_subnet.public_sub",
            "aws_vpc.main_vpc",
            "data.aws_availability_zones.zones"
          ]
        }
      ]
    },
    {
      "mode": "managed",
      "type": "aws_route_table_association",
      "name": "public_rt_asso",
      "provider": "provider[\"registry.terraform.io/hashicorp/aws\"]",
      "instances": [
        {
          "index_key": 0,
          "schema_version": 0,
          "attributes": {
            "gateway_id": "",
            "id": "rtbassoc-0d7940d6ac4f5d1ff",
            "route_table_id": "rtb-016a1fc44f41039bf",
            "subnet_id": "subnet-003ea998887a75028",
            "timeouts": null
          },
          "sensitive_attributes": [],
          "private": "eyJlMmJmYjczMC1lY2FhLTExZTYtOGY4OC0zNDM2M2JjN2M0YzAiOnsiY3JlYXRlIjozMDAwMDAwMDAwMDAsImRlbGV0ZSI6MzAwMDAwMDAwMDAwLCJ1cGRhdGUiOjEyMDAwMDAwMDAwMH19",
          "dependencies": [
            "aws_internet_gateway.igw",
            "aws_route_table.public_rt",
            "aws_subnet.public_sub",
            "aws_vpc.main_vpc",
            "data.aws_availability_zones.zones"
          ]
        },
        {
          "index_key": 1,
          "schema_version": 0,
          "attributes": {
            "gateway_id": "",
            "id": "rtbassoc-08da56829b639874e",
            "route_table_id": "rtb-016a1fc44f41039bf",
            "subnet_id": "subnet-01b58bc676c5e2fbc",
            "timeouts": null
          },
          "sensitive_attributes": [],
          "private": "eyJlMmJmYjczMC1lY2FhLTExZTYtOGY4OC0zNDM2M2JjN2M0YzAiOnsiY3JlYXRlIjozMDAwMDAwMDAwMDAsImRlbGV0ZSI6MzAwMDAwMDAwMDAwLCJ1cGRhdGUiOjEyMDAwMDAwMDAwMH19",
          "dependencies": [
            "aws_internet_gateway.igw",
            "aws_route_table.public_rt",
            "aws_subnet.public_sub",
            "aws_vpc.main_vpc",
            "data.aws_availability_zones.zones"
          ]
        },
        {
          "index_key": 2,
          "schema_version": 0,
          "attributes": {
            "gateway_id": "",
            "id": "rtbassoc-0b55bd858411b76c3",
            "route_table_id": "rtb-016a1fc44f41039bf",
            "subnet_id": "subnet-02d362e161964aca6",
            "timeouts": null
          },
          "sensitive_attributes": [],
          "private": "eyJlMmJmYjczMC1lY2FhLTExZTYtOGY4OC0zNDM2M2JjN2M0YzAiOnsiY3JlYXRlIjozMDAwMDAwMDAwMDAsImRlbGV0ZSI6MzAwMDAwMDAwMDAwLCJ1cGRhdGUiOjEyMDAwMDAwMDAwMH19",
          "dependencies": [
            "aws_internet_gateway.igw",
            "aws_route_table.public_rt",
            "aws_subnet.public_sub",
            "aws_vpc.main_vpc",
            "data.aws_availability_zones.zones"
          ]
        }
      ]
    },
    {
      "mode": "managed",
      "type": "aws_security_group",
      "name": "backend_sg",
      "provider": "provider[\"registry.terraform.io/hashicorp/aws\"]",
      "instances": [
        {
          "schema_version": 1,
          "attributes": {
            "arn": "arn:aws:ec2:ap-south-1:985010860775:security-group/sg-0558070746ed08cce",
            "description": "Allow 3306 inbound traffic",
            "egress": [
              {
                "cidr_blocks": [
                  "0.0.0.0/0"
                ],
                "description": "",
                "from_port": 0,
                "ipv6_cidr_blocks": [],
                "prefix_list_ids": [],
                "protocol": "-1",
                "security_groups": [],
                "self": false,
                "to_port": 0
              }
            ],
            "id": "sg-0558070746ed08cce",
            "ingress": [
              {
                "cidr_blocks": [],
                "description": "allow ssh traffic",
                "from_port": 22,
                "ipv6_cidr_blocks": [],
                "prefix_list_ids": [],
                "protocol": "tcp",
                "security_groups": [
                  "sg-0ffabddfc11ae44df"
                ],
                "self": false,
                "to_port": 22
              },
              {
                "cidr_blocks": [],
                "description": "allow ssh traffic",
                "from_port": 3306,
                "ipv6_cidr_blocks": [],
                "prefix_list_ids": [],
                "protocol": "tcp",
                "security_groups": [
                  "sg-03a4457f9766bdba8"
                ],
                "self": false,
                "to_port": 3306
              }
            ],
            "name": "avincm_backend_sg",
            "name_prefix": "",
            "owner_id": "985010860775",
            "revoke_rules_on_delete": false,
            "tags": {
              "Name": "avincm_backend_sg"
            },
            "tags_all": {
              "Environment": "test",
              "Name": "avincm_backend_sg",
              "Owner": "aravind",
              "Project": "avincm"
            },
            "timeouts": null,
            "vpc_id": "vpc-01838b5abeb0bf140"
          },
          "sensitive_attributes": [],
          "private": "eyJlMmJmYjczMC1lY2FhLTExZTYtOGY4OC0zNDM2M2JjN2M0YzAiOnsiY3JlYXRlIjo2MDAwMDAwMDAwMDAsImRlbGV0ZSI6OTAwMDAwMDAwMDAwfSwic2NoZW1hX3ZlcnNpb24iOiIxIn0=",
          "dependencies": [
            "aws_security_group.bastion_sg",
            "aws_security_group.frontend_sg",
            "aws_vpc.main_vpc"
          ],
          "create_before_destroy": true
        }
      ]
    },
    {
      "mode": "managed",
      "type": "aws_security_group",
      "name": "bastion_sg",
      "provider": "provider[\"registry.terraform.io/hashicorp/aws\"]",
      "instances": [
        {
          "schema_version": 1,
          "attributes": {
            "arn": "arn:aws:ec2:ap-south-1:985010860775:security-group/sg-0ffabddfc11ae44df",
            "description": "Allow ssh inbound traffic",
            "egress": [
              {
                "cidr_blocks": [
                  "0.0.0.0/0"
                ],
                "description": "",
                "from_port": 0,
                "ipv6_cidr_blocks": [],
                "prefix_list_ids": [],
                "protocol": "-1",
                "security_groups": [],
                "self": false,
                "to_port": 0
              }
            ],
            "id": "sg-0ffabddfc11ae44df",
            "ingress": [
              {
                "cidr_blocks": [
                  "0.0.0.0/0"
                ],
                "description": "allow ssh traffic",
                "from_port": 22,
                "ipv6_cidr_blocks": [],
                "prefix_list_ids": [],
                "protocol": "tcp",
                "security_groups": [],
                "self": false,
                "to_port": 22
              }
            ],
            "name": "avincm_bastion_sg",
            "name_prefix": "",
            "owner_id": "985010860775",
            "revoke_rules_on_delete": false,
            "tags": {
              "Name": "avincm_bastion_sg"
            },
            "tags_all": {
              "Environment": "test",
              "Name": "avincm_bastion_sg",
              "Owner": "aravind",
              "Project": "avincm"
            },
            "timeouts": null,
            "vpc_id": "vpc-01838b5abeb0bf140"
          },
          "sensitive_attributes": [],
          "private": "eyJlMmJmYjczMC1lY2FhLTExZTYtOGY4OC0zNDM2M2JjN2M0YzAiOnsiY3JlYXRlIjo2MDAwMDAwMDAwMDAsImRlbGV0ZSI6OTAwMDAwMDAwMDAwfSwic2NoZW1hX3ZlcnNpb24iOiIxIn0=",
          "dependencies": [
            "aws_vpc.main_vpc"
          ],
          "create_before_destroy": true
        }
      ]
    },
    {
      "mode": "managed",
      "type": "aws_security_group",
      "name": "frontend_sg",
      "provider": "provider[\"registry.terraform.io/hashicorp/aws\"]",
      "instances": [
        {
          "schema_version": 1,
          "attributes": {
            "arn": "arn:aws:ec2:ap-south-1:985010860775:security-group/sg-03a4457f9766bdba8",
            "description": "Allow 80 inbound traffic",
            "egress": [
              {
                "cidr_blocks": [
                  "0.0.0.0/0"
                ],
                "description": "",
                "from_port": 0,
                "ipv6_cidr_blocks": [],
                "prefix_list_ids": [],
                "protocol": "-1",
                "security_groups": [],
                "self": false,
                "to_port": 0
              }
            ],
            "id": "sg-03a4457f9766bdba8",
            "ingress": [
              {
                "cidr_blocks": [
                  "0.0.0.0/0"
                ],
                "description": "allow web traffic",
                "from_port": 80,
                "ipv6_cidr_blocks": [],
                "prefix_list_ids": [],
                "protocol": "tcp",
                "security_groups": [],
                "self": false,
                "to_port": 80
              },
              {
                "cidr_blocks": [],
                "description": "allow ssh traffic",
                "from_port": 22,
                "ipv6_cidr_blocks": [],
                "prefix_list_ids": [],
                "protocol": "tcp",
                "security_groups": [
                  "sg-0ffabddfc11ae44df"
                ],
                "self": false,
                "to_port": 22
              }
            ],
            "name": "avincm_frontend_sg",
            "name_prefix": "",
            "owner_id": "985010860775",
            "revoke_rules_on_delete": false,
            "tags": {
              "Name": "avincm_frontend_sg"
            },
            "tags_all": {
              "Environment": "test",
              "Name": "avincm_frontend_sg",
              "Owner": "aravind",
              "Project": "avincm"
            },
            "timeouts": null,
            "vpc_id": "vpc-01838b5abeb0bf140"
          },
          "sensitive_attributes": [],
          "private": "eyJlMmJmYjczMC1lY2FhLTExZTYtOGY4OC0zNDM2M2JjN2M0YzAiOnsiY3JlYXRlIjo2MDAwMDAwMDAwMDAsImRlbGV0ZSI6OTAwMDAwMDAwMDAwfSwic2NoZW1hX3ZlcnNpb24iOiIxIn0=",
          "dependencies": [
            "aws_security_group.bastion_sg",
            "aws_vpc.main_vpc"
          ],
          "create_before_destroy": true
        }
      ]
    },
    {
      "mode": "managed",
      "type": "aws_subnet",
      "name": "private_sub",
      "provider": "provider[\"registry.terraform.io/hashicorp/aws\"]",
      "instances": [
        {
          "index_key": 0,
          "schema_version": 1,
          "attributes": {
            "arn": "arn:aws:ec2:ap-south-1:985010860775:subnet/subnet-0b3dce67628963223",
            "assign_ipv6_address_on_creation": false,
            "availability_zone": "ap-south-1a",
            "availability_zone_id": "aps1-az1",
            "cidr_block": "172.16.96.0/19",
            "customer_owned_ipv4_pool": "",
            "enable_dns64": false,
            "enable_lni_at_device_index": 0,
            "enable_resource_name_dns_a_record_on_launch": false,
            "enable_resource_name_dns_aaaa_record_on_launch": false,
            "id": "subnet-0b3dce67628963223",
            "ipv6_cidr_block": "",
            "ipv6_cidr_block_association_id": "",
            "ipv6_native": false,
            "map_customer_owned_ip_on_launch": false,
            "map_public_ip_on_launch": false,
            "outpost_arn": "",
            "owner_id": "985010860775",
            "private_dns_hostname_type_on_launch": "ip-name",
            "tags": {
              "Name": "avincm_test_private_subnet4"
            },
            "tags_all": {
              "Environment": "test",
              "Name": "avincm_test_private_subnet4",
              "Owner": "aravind",
              "Project": "avincm"
            },
            "timeouts": null,
            "vpc_id": "vpc-01838b5abeb0bf140"
          },
          "sensitive_attributes": [],
          "private": "eyJlMmJmYjczMC1lY2FhLTExZTYtOGY4OC0zNDM2M2JjN2M0YzAiOnsiY3JlYXRlIjo2MDAwMDAwMDAwMDAsImRlbGV0ZSI6MTIwMDAwMDAwMDAwMH0sInNjaGVtYV92ZXJzaW9uIjoiMSJ9",
          "dependencies": [
            "aws_vpc.main_vpc",
            "data.aws_availability_zones.zones"
          ],
          "create_before_destroy": true
        },
        {
          "index_key": 1,
          "schema_version": 1,
          "attributes": {
            "arn": "arn:aws:ec2:ap-south-1:985010860775:subnet/subnet-0a12b56c474d6f17e",
            "assign_ipv6_address_on_creation": false,
            "availability_zone": "ap-south-1b",
            "availability_zone_id": "aps1-az3",
            "cidr_block": "172.16.128.0/19",
            "customer_owned_ipv4_pool": "",
            "enable_dns64": false,
            "enable_lni_at_device_index": 0,
            "enable_resource_name_dns_a_record_on_launch": false,
            "enable_resource_name_dns_aaaa_record_on_launch": false,
            "id": "subnet-0a12b56c474d6f17e",
            "ipv6_cidr_block": "",
            "ipv6_cidr_block_association_id": "",
            "ipv6_native": false,
            "map_customer_owned_ip_on_launch": false,
            "map_public_ip_on_launch": false,
            "outpost_arn": "",
            "owner_id": "985010860775",
            "private_dns_hostname_type_on_launch": "ip-name",
            "tags": {
              "Name": "avincm_test_private_subnet5"
            },
            "tags_all": {
              "Environment": "test",
              "Name": "avincm_test_private_subnet5",
              "Owner": "aravind",
              "Project": "avincm"
            },
            "timeouts": null,
            "vpc_id": "vpc-01838b5abeb0bf140"
          },
          "sensitive_attributes": [],
          "private": "eyJlMmJmYjczMC1lY2FhLTExZTYtOGY4OC0zNDM2M2JjN2M0YzAiOnsiY3JlYXRlIjo2MDAwMDAwMDAwMDAsImRlbGV0ZSI6MTIwMDAwMDAwMDAwMH0sInNjaGVtYV92ZXJzaW9uIjoiMSJ9",
          "dependencies": [
            "aws_vpc.main_vpc",
            "data.aws_availability_zones.zones"
          ],
          "create_before_destroy": true
        },
        {
          "index_key": 2,
          "schema_version": 1,
          "attributes": {
            "arn": "arn:aws:ec2:ap-south-1:985010860775:subnet/subnet-0ca3eec7fc1887872",
            "assign_ipv6_address_on_creation": false,
            "availability_zone": "ap-south-1c",
            "availability_zone_id": "aps1-az2",
            "cidr_block": "172.16.160.0/19",
            "customer_owned_ipv4_pool": "",
            "enable_dns64": false,
            "enable_lni_at_device_index": 0,
            "enable_resource_name_dns_a_record_on_launch": false,
            "enable_resource_name_dns_aaaa_record_on_launch": false,
            "id": "subnet-0ca3eec7fc1887872",
            "ipv6_cidr_block": "",
            "ipv6_cidr_block_association_id": "",
            "ipv6_native": false,
            "map_customer_owned_ip_on_launch": false,
            "map_public_ip_on_launch": false,
            "outpost_arn": "",
            "owner_id": "985010860775",
            "private_dns_hostname_type_on_launch": "ip-name",
            "tags": {
              "Name": "avincm_test_private_subnet6"
            },
            "tags_all": {
              "Environment": "test",
              "Name": "avincm_test_private_subnet6",
              "Owner": "aravind",
              "Project": "avincm"
            },
            "timeouts": null,
            "vpc_id": "vpc-01838b5abeb0bf140"
          },
          "sensitive_attributes": [],
          "private": "eyJlMmJmYjczMC1lY2FhLTExZTYtOGY4OC0zNDM2M2JjN2M0YzAiOnsiY3JlYXRlIjo2MDAwMDAwMDAwMDAsImRlbGV0ZSI6MTIwMDAwMDAwMDAwMH0sInNjaGVtYV92ZXJzaW9uIjoiMSJ9",
          "dependencies": [
            "aws_vpc.main_vpc",
            "data.aws_availability_zones.zones"
          ],
          "create_before_destroy": true
        }
      ]
    },
    {
      "mode": "managed",
      "type": "aws_subnet",
      "name": "public_sub",
      "provider": "provider[\"registry.terraform.io/hashicorp/aws\"]",
      "instances": [
        {
          "index_key": 0,
          "schema_version": 1,
          "attributes": {
            "arn": "arn:aws:ec2:ap-south-1:985010860775:subnet/subnet-003ea998887a75028",
            "assign_ipv6_address_on_creation": false,
            "availability_zone": "ap-south-1a",
            "availability_zone_id": "aps1-az1",
            "cidr_block": "172.16.0.0/19",
            "customer_owned_ipv4_pool": "",
            "enable_dns64": false,
            "enable_lni_at_device_index": 0,
            "enable_resource_name_dns_a_record_on_launch": false,
            "enable_resource_name_dns_aaaa_record_on_launch": false,
            "id": "subnet-003ea998887a75028",
            "ipv6_cidr_block": "",
            "ipv6_cidr_block_association_id": "",
            "ipv6_native": false,
            "map_customer_owned_ip_on_launch": false,
            "map_public_ip_on_launch": true,
            "outpost_arn": "",
            "owner_id": "985010860775",
            "private_dns_hostname_type_on_launch": "ip-name",
            "tags": {
              "Name": "avincm_test_public_subnet1"
            },
            "tags_all": {
              "Environment": "test",
              "Name": "avincm_test_public_subnet1",
              "Owner": "aravind",
              "Project": "avincm"
            },
            "timeouts": null,
            "vpc_id": "vpc-01838b5abeb0bf140"
          },
          "sensitive_attributes": [],
          "private": "eyJlMmJmYjczMC1lY2FhLTExZTYtOGY4OC0zNDM2M2JjN2M0YzAiOnsiY3JlYXRlIjo2MDAwMDAwMDAwMDAsImRlbGV0ZSI6MTIwMDAwMDAwMDAwMH0sInNjaGVtYV92ZXJzaW9uIjoiMSJ9",
          "dependencies": [
            "aws_vpc.main_vpc",
            "data.aws_availability_zones.zones"
          ],
          "create_before_destroy": true
        },
        {
          "index_key": 1,
          "schema_version": 1,
          "attributes": {
            "arn": "arn:aws:ec2:ap-south-1:985010860775:subnet/subnet-01b58bc676c5e2fbc",
            "assign_ipv6_address_on_creation": false,
            "availability_zone": "ap-south-1b",
            "availability_zone_id": "aps1-az3",
            "cidr_block": "172.16.32.0/19",
            "customer_owned_ipv4_pool": "",
            "enable_dns64": false,
            "enable_lni_at_device_index": 0,
            "enable_resource_name_dns_a_record_on_launch": false,
            "enable_resource_name_dns_aaaa_record_on_launch": false,
            "id": "subnet-01b58bc676c5e2fbc",
            "ipv6_cidr_block": "",
            "ipv6_cidr_block_association_id": "",
            "ipv6_native": false,
            "map_customer_owned_ip_on_launch": false,
            "map_public_ip_on_launch": true,
            "outpost_arn": "",
            "owner_id": "985010860775",
            "private_dns_hostname_type_on_launch": "ip-name",
            "tags": {
              "Name": "avincm_test_public_subnet2"
            },
            "tags_all": {
              "Environment": "test",
              "Name": "avincm_test_public_subnet2",
              "Owner": "aravind",
              "Project": "avincm"
            },
            "timeouts": null,
            "vpc_id": "vpc-01838b5abeb0bf140"
          },
          "sensitive_attributes": [],
          "private": "eyJlMmJmYjczMC1lY2FhLTExZTYtOGY4OC0zNDM2M2JjN2M0YzAiOnsiY3JlYXRlIjo2MDAwMDAwMDAwMDAsImRlbGV0ZSI6MTIwMDAwMDAwMDAwMH0sInNjaGVtYV92ZXJzaW9uIjoiMSJ9",
          "dependencies": [
            "aws_vpc.main_vpc",
            "data.aws_availability_zones.zones"
          ],
          "create_before_destroy": true
        },
        {
          "index_key": 2,
          "schema_version": 1,
          "attributes": {
            "arn": "arn:aws:ec2:ap-south-1:985010860775:subnet/subnet-02d362e161964aca6",
            "assign_ipv6_address_on_creation": false,
            "availability_zone": "ap-south-1c",
            "availability_zone_id": "aps1-az2",
            "cidr_block": "172.16.64.0/19",
            "customer_owned_ipv4_pool": "",
            "enable_dns64": false,
            "enable_lni_at_device_index": 0,
            "enable_resource_name_dns_a_record_on_launch": false,
            "enable_resource_name_dns_aaaa_record_on_launch": false,
            "id": "subnet-02d362e161964aca6",
            "ipv6_cidr_block": "",
            "ipv6_cidr_block_association_id": "",
            "ipv6_native": false,
            "map_customer_owned_ip_on_launch": false,
            "map_public_ip_on_launch": true,
            "outpost_arn": "",
            "owner_id": "985010860775",
            "private_dns_hostname_type_on_launch": "ip-name",
            "tags": {
              "Name": "avincm_test_public_subnet3"
            },
            "tags_all": {
              "Environment": "test",
              "Name": "avincm_test_public_subnet3",
              "Owner": "aravind",
              "Project": "avincm"
            },
            "timeouts": null,
            "vpc_id": "vpc-01838b5abeb0bf140"
          },
          "sensitive_attributes": [],
          "private": "eyJlMmJmYjczMC1lY2FhLTExZTYtOGY4OC0zNDM2M2JjN2M0YzAiOnsiY3JlYXRlIjo2MDAwMDAwMDAwMDAsImRlbGV0ZSI6MTIwMDAwMDAwMDAwMH0sInNjaGVtYV92ZXJzaW9uIjoiMSJ9",
          "dependencies": [
            "aws_vpc.main_vpc",
            "data.aws_availability_zones.zones"
          ],
          "create_before_destroy": true
        }
      ]
    },
    {
      "mode": "managed",
      "type": "aws_vpc",
      "name": "main_vpc",
      "provider": "provider[\"registry.terraform.io/hashicorp/aws\"]",
      "instances": [
        {
          "schema_version": 1,
          "attributes": {
            "arn": "arn:aws:ec2:ap-south-1:985010860775:vpc/vpc-01838b5abeb0bf140",
            "assign_generated_ipv6_cidr_block": false,
            "cidr_block": "172.16.0.0/16",
            "default_network_acl_id": "acl-07e843b19ddbc9ddf",
            "default_route_table_id": "rtb-0a6cc506f6e5bc62c",
            "default_security_group_id": "sg-0b225948493ff5262",
            "dhcp_options_id": "dopt-0aba79693bec87fd8",
            "enable_dns_hostnames": true,
            "enable_dns_support": true,
            "enable_network_address_usage_metrics": false,
            "id": "vpc-01838b5abeb0bf140",
            "instance_tenancy": "default",
            "ipv4_ipam_pool_id": null,
            "ipv4_netmask_length": null,
            "ipv6_association_id": "",
            "ipv6_cidr_block": "",
            "ipv6_cidr_block_network_border_group": "",
            "ipv6_ipam_pool_id": "",
            "ipv6_netmask_length": 0,
            "main_route_table_id": "rtb-0a6cc506f6e5bc62c",
            "owner_id": "985010860775",
            "tags": {
              "Name": "avincm_test_vpc"
            },
            "tags_all": {
              "Environment": "test",
              "Name": "avincm_test_vpc",
              "Owner": "aravind",
              "Project": "avincm"
            }
          },
          "sensitive_attributes": [],
          "private": "eyJzY2hlbWFfdmVyc2lvbiI6IjEifQ==",
          "create_before_destroy": true
        }
      ]
    }
  ],
  "check_results": null
}
